// !$*UTF8*$!
{
	archiveVersion = 1;
	classes = {
	};
	objectVersion = 55;
	objects = {

/* Begin PBXBuildFile section */
		5027ADF429646087003A4375 /* MobileCollectionViewCell.swift in Sources */ = {isa = PBXBuildFile; fileRef = 5027ADF229646087003A4375 /* MobileCollectionViewCell.swift */; };
		5027ADF529646087003A4375 /* MobileCollectionViewCell.xib in Resources */ = {isa = PBXBuildFile; fileRef = 5027ADF329646087003A4375 /* MobileCollectionViewCell.xib */; };
		D362C3141E19E83E00887A60 /* AppDelegate.swift in Sources */ = {isa = PBXBuildFile; fileRef = D362C3131E19E83E00887A60 /* AppDelegate.swift */; };
		D362C3161E19E83E00887A60 /* SceneDelegate.swift in Sources */ = {isa = PBXBuildFile; fileRef = D362C3151E19E83E00887A60 /* SceneDelegate.swift */; };
		D362C31B1E19E83E00887A60 /* Main.storyboard in Resources */ = {isa = PBXBuildFile; fileRef = D362C3191E19E83E00887A60 /* Main.storyboard */; };
		D362C31D1E19E84000887A60 /* Assets.xcassets in Resources */ = {isa = PBXBuildFile; fileRef = D362C31C1E19E84000887A60 /* Assets.xcassets */; };
		D362C3201E19E84000887A60 /* LaunchScreen.storyboard in Resources */ = {isa = PBXBuildFile; fileRef = D362C31E1E19E84000887A60 /* LaunchScreen.storyboard */; };
		D362C3281E19E87A00887A60 /* CategoryViewController.swift in Sources */ = {isa = PBXBuildFile; fileRef = D362C3271E19E87900887A60 /* CategoryViewController.swift */; };
		D362C32B1E19EF7C00887A60 /* MonitorCollectionViewCell.swift in Sources */ = {isa = PBXBuildFile; fileRef = D362C3291E19EF7B00887A60 /* MonitorCollectionViewCell.swift */; };
		D362C32C1E19EF7C00887A60 /* MonitorCollectionViewCell.xib in Resources */ = {isa = PBXBuildFile; fileRef = D362C32A1E19EF7C00887A60 /* MonitorCollectionViewCell.xib */; };
/* End PBXBuildFile section */

/* Begin PBXFileReference section */
		5027ADF229646087003A4375 /* MobileCollectionViewCell.swift */ = {isa = PBXFileReference; lastKnownFileType = sourcecode.swift; path = MobileCollectionViewCell.swift; sourceTree = "<group>"; };
		5027ADF329646087003A4375 /* MobileCollectionViewCell.xib */ = {isa = PBXFileReference; lastKnownFileType = file.xib; path = MobileCollectionViewCell.xib; sourceTree = "<group>"; };
		D362C3101E19E83E00887A60 /* CatagoryViewController.app */ = {isa = PBXFileReference; explicitFileType = wrapper.application; includeInIndex = 0; path = CatagoryViewController.app; sourceTree = BUILT_PRODUCTS_DIR; };
		D362C3131E19E83E00887A60 /* AppDelegate.swift */ = {isa = PBXFileReference; lastKnownFileType = sourcecode.swift; path = AppDelegate.swift; sourceTree = "<group>"; };
		D362C3151E19E83E00887A60 /* SceneDelegate.swift */ = {isa = PBXFileReference; lastKnownFileType = sourcecode.swift; path = SceneDelegate.swift; sourceTree = "<group>"; };
		D362C31A1E19E83E00887A60 /* Base */ = {isa = PBXFileReference; lastKnownFileType = file.storyboard; name = Base; path = Base.lproj/Main.storyboard; sourceTree = "<group>"; };
		D362C31C1E19E84000887A60 /* Assets.xcassets */ = {isa = PBXFileReference; lastKnownFileType = folder.assetcatalog; path = Assets.xcassets; sourceTree = "<group>"; };
		D362C31F1E19E84000887A60 /* Base */ = {isa = PBXFileReference; lastKnownFileType = file.storyboard; name = Base; path = Base.lproj/LaunchScreen.storyboard; sourceTree = "<group>"; };
		D362C3211E19E84000887A60 /* Info.plist */ = {isa = PBXFileReference; lastKnownFileType = text.plist.xml; path = Info.plist; sourceTree = "<group>"; };
		D362C3271E19E87900887A60 /* CategoryViewController.swift */ = {isa = PBXFileReference; lastKnownFileType = sourcecode.swift; path = CategoryViewController.swift; sourceTree = "<group>"; };
		D362C3291E19EF7B00887A60 /* MonitorCollectionViewCell.swift */ = {isa = PBXFileReference; lastKnownFileType = sourcecode.swift; path = MonitorCollectionViewCell.swift; sourceTree = "<group>"; };
		D362C32A1E19EF7C00887A60 /* MonitorCollectionViewCell.xib */ = {isa = PBXFileReference; lastKnownFileType = file.xib; path = MonitorCollectionViewCell.xib; sourceTree = "<group>"; };
/* End PBXFileReference section */

/* Begin PBXFrameworksBuildPhase section */
		D362C30D1E19E83E00887A60 /* Frameworks */ = {
			isa = PBXFrameworksBuildPhase;
			buildActionMask = 2147483647;
			files = (
			);
			runOnlyForDeploymentPostprocessing = 0;
		};
/* End PBXFrameworksBuildPhase section */

/* Begin PBXGroup section */
		D362C3071E19E83E00887A60 = {
			isa = PBXGroup;
			children = (
				D362C3121E19E83E00887A60 /* CatagoryViewController */,
				D362C3111E19E83E00887A60 /* Products */,
			);
			sourceTree = "<group>";
		};
		D362C3111E19E83E00887A60 /* Products */ = {
			isa = PBXGroup;
			children = (
				D362C3101E19E83E00887A60 /* CatagoryViewController.app */,
			);
			name = Products;
			sourceTree = "<group>";
		};
		D362C3121E19E83E00887A60 /* CatagoryViewController */ = {
			isa = PBXGroup;
			children = (
				D362C3131E19E83E00887A60 /* AppDelegate.swift */,
				D362C3151E19E83E00887A60 /* SceneDelegate.swift */,
				D362C3271E19E87900887A60 /* CategoryViewController.swift */,
				D362C3291E19EF7B00887A60 /* MonitorCollectionViewCell.swift */,
				5027ADF229646087003A4375 /* MobileCollectionViewCell.swift */,
				5027ADF329646087003A4375 /* MobileCollectionViewCell.xib */,
				D362C32A1E19EF7C00887A60 /* MonitorCollectionViewCell.xib */,
				D362C3191E19E83E00887A60 /* Main.storyboard */,
				D362C31C1E19E84000887A60 /* Assets.xcassets */,
				D362C31E1E19E84000887A60 /* LaunchScreen.storyboard */,
				D362C3211E19E84000887A60 /* Info.plist */,
			);
			path = CatagoryViewController;
			sourceTree = "<group>";
		};
/* End PBXGroup section */

/* Begin PBXNativeTarget section */
		D362C30F1E19E83E00887A60 /* CatagoryViewController */ = {
			isa = PBXNativeTarget;
			buildConfigurationList = D362C3241E19E84000887A60 /* Build configuration list for PBXNativeTarget "CatagoryViewController" */;
			buildPhases = (
				D362C30C1E19E83E00887A60 /* Sources */,
				D362C30D1E19E83E00887A60 /* Frameworks */,
				D362C30E1E19E83E00887A60 /* Resources */,
			);
			buildRules = (
			);
			dependencies = (
			);
			name = CatagoryViewController;
			productName = CatagoryViewController;
			productReference = D362C3101E19E83E00887A60 /* CatagoryViewController.app */;
			productType = "com.apple.product-type.application";
		};
/* End PBXNativeTarget section */

/* Begin PBXProject section */
		D362C3081E19E83E00887A60 /* Project object */ = {
			isa = PBXProject;
			attributes = {
				BuildIndependentTargetsInParallel = 1;
				LastSwiftUpdateCheck = 1300;
				LastUpgradeCheck = 1300;
				TargetAttributes = {
					D362C30F1E19E83E00887A60 = {
						CreatedOnToolsVersion = 13.0;
					};
				};
			};
			buildConfigurationList = D362C30B1E19E83E00887A60 /* Build configuration list for PBXProject "CatagoryViewController" */;
			compatibilityVersion = "Xcode 13.0";
			developmentRegion = en;
			hasScannedForEncodings = 0;
			knownRegions = (
				en,
				Base,
			);
			mainGroup = D362C3071E19E83E00887A60;
			productRefGroup = D362C3111E19E83E00887A60 /* Products */;
			projectDirPath = "";
			projectRoot = "";
			targets = (
				D362C30F1E19E83E00887A60 /* CatagoryViewController */,
			);
		};
/* End PBXProject section */

/* Begin PBXResourcesBuildPhase section */
		D362C30E1E19E83E00887A60 /* Resources */ = {
			isa = PBXResourcesBuildPhase;
			buildActionMask = 2147483647;
			files = (
				5027ADF529646087003A4375 /* MobileCollectionViewCell.xib in Resources */,
				D362C3201E19E84000887A60 /* LaunchScreen.storyboard in Resources */,
				D362C31D1E19E84000887A60 /* Assets.xcassets in Resources */,
				D362C32C1E19EF7C00887A60 /* MonitorCollectionViewCell.xib in Resources */,
				D362C31B1E19E83E00887A60 /* Main.storyboard in Resources */,
			);
			runOnlyForDeploymentPostprocessing = 0;
		};
/* End PBXResourcesBuildPhase section */

/* Begin PBXSourcesBuildPhase section */
		D362C30C1E19E83E00887A60 /* Sources */ = {
			isa = PBXSourcesBuildPhase;
			buildActionMask = 2147483647;
			files = (
				D362C3141E19E83E00887A60 /* AppDelegate.swift in Sources */,
				D362C3281E19E87A00887A60 /* CategoryViewController.swift in Sources */,
				5027ADF429646087003A4375 /* MobileCollectionViewCell.swift in Sources */,
				D362C32B1E19EF7C00887A60 /* MonitorCollectionViewCell.swift in Sources */,
				D362C3161E19E83E00887A60 /* SceneDelegate.swift in Sources */,
			);
			runOnlyForDeploymentPostprocessing = 0;
		};
/* End PBXSourcesBuildPhase section */

/* Begin PBXVariantGroup section */
		D362C3191E19E83E00887A60 /* Main.storyboard */ = {
			isa = PBXVariantGroup;
			children = (
				D362C31A1E19E83E00887A60 /* Base */,
			);
			name = Main.storyboard;
			sourceTree = "<group>";
		};
		D362C31E1E19E84000887A60 /* LaunchScreen.storyboard */ = {
			isa = PBXVariantGroup;
			children = (
				D362C31F1E19E84000887A60 /* Base */,
			);
			name = LaunchScreen.storyboard;
			sourceTree = "<group>";
		};
/* End PBXVariantGroup section */

/* Begin XCBuildConfiguration section */
		D362C3221E19E84000887A60 /* Debug */ = {
			isa = XCBuildConfiguration;
			buildSettings = {
				ALWAYS_SEARCH_USER_PATHS = NO;
				CLANG_ANALYZER_NONNULL = YES;
				CLANG_ANALYZER_NUMBER_OBJECT_CONVERSION = YES_AGGRESSIVE;
				CLANG_CXX_LANGUAGE_STANDARD = "gnu++17";
				CLANG_CXX_LIBRARY = "libc++";
				CLANG_ENABLE_MODULES = YES;
				CLANG_ENABLE_OBJC_ARC = YES;
				CLANG_ENABLE_OBJC_WEAK = YES;
				CLANG_WARN_BLOCK_CAPTURE_AUTORELEASING = YES;
				CLANG_WARN_BOOL_CONVERSION = YES;
				CLANG_WARN_COMMA = YES;
				CLANG_WARN_CONSTANT_CONVERSION = YES;
				CLANG_WARN_DEPRECATED_OBJC_IMPLEMENTATIONS = YES;
				CLANG_WARN_DIRECT_OBJC_ISA_USAGE = YES_ERROR;
				CLANG_WARN_DOCUMENTATION_COMMENTS = YES;
				CLANG_WARN_EMPTY_BODY = YES;
				CLANG_WARN_ENUM_CONVERSION = YES;
				CLANG_WARN_INFINITE_RECURSION = YES;
				CLANG_WARN_INT_CONVERSION = YES;
				CLANG_WARN_NON_LITERAL_NULL_CONVERSION = YES;
				CLANG_WARN_OBJC_IMPLICIT_RETAIN_SELF = YES;
				CLANG_WARN_OBJC_LITERAL_CONVERSION = YES;
				CLANG_WARN_OBJC_ROOT_CLASS = YES_ERROR;
				CLANG_WARN_QUOTED_INCLUDE_IN_FRAMEWORK_HEADER = YES;
				CLANG_WARN_RANGE_LOOP_ANALYSIS = YES;
				CLANG_WARN_STRICT_PROTOTYPES = YES;
				CLANG_WARN_SUSPICIOUS_MOVE = YES;
				CLANG_WARN_UNGUARDED_AVAILABILITY = YES_AGGRESSIVE;
				CLANG_WARN_UNREACHABLE_CODE = YES;
				CLANG_WARN__DUPLICATE_METHOD_MATCH = YES;
				COPY_PHASE_STRIP = NO;
				DEBUG_INFORMATION_FORMAT = dwarf;
				ENABLE_STRICT_OBJC_MSGSEND = YES;
				ENABLE_TESTABILITY = YES;
				GCC_C_LANGUAGE_STANDARD = gnu11;
				GCC_DYNAMIC_NO_PIC = NO;
				GCC_NO_COMMON_BLOCKS = YES;
				GCC_OPTIMIZATION_LEVEL = 0;
				GCC_PREPROCESSOR_DEFINITIONS = (
					"DEBUG=1",
					"$(inherited)",
				);
				GCC_WARN_64_TO_32_BIT_CONVERSION = YES;
				GCC_WARN_ABOUT_RETURN_TYPE = YES_ERROR;
				GCC_WARN_UNDECLARED_SELECTOR = YES;
				GCC_WARN_UNINITIALIZED_AUTOS = YES_AGGRESSIVE;
				GCC_WARN_UNUSED_FUNCTION = YES;
				GCC_WARN_UNUSED_VARIABLE = YES;
				IPHONEOS_DEPLOYMENT_TARGET = 15.0;
				MTL_ENABLE_DEBUG_INFO = INCLUDE_SOURCE;
				MTL_FAST_MATH = YES;
				ONLY_ACTIVE_ARCH = YES;
				SDKROOT = iphoneos;
				SWIFT_ACTIVE_COMPILATION_CONDITIONS = DEBUG;
				SWIFT_OPTIMIZATION_LEVEL = "-Onone";
			};
			name = Debug;
		};
		D362C3231E19E84000887A60 /* Release */ = {
			isa = XCBuildConfiguration;
			buildSettings = {
				ALWAYS_SEARCH_USER_PATHS = NO;
				CLANG_ANALYZER_NONNULL = YES;
				CLANG_ANALYZER_NUMBER_OBJECT_CONVERSION = YES_AGGRESSIVE;
				CLANG_CXX_LANGUAGE_STANDARD = "gnu++17";
				CLANG_CXX_LIBRARY = "libc++";
				CLANG_ENABLE_MODULES = YES;
				CLANG_ENABLE_OBJC_ARC = YES;
				CLANG_ENABLE_OBJC_WEAK = YES;
				CLANG_WARN_BLOCK_CAPTURE_AUTORELEASING = YES;
				CLANG_WARN_BOOL_CONVERSION = YES;
				CLANG_WARN_COMMA = YES;
				CLANG_WARN_CONSTANT_CONVERSION = YES;
				CLANG_WARN_DEPRECATED_OBJC_IMPLEMENTATIONS = YES;
				CLANG_WARN_DIRECT_OBJC_ISA_USAGE = YES_ERROR;
				CLANG_WARN_DOCUMENTATION_COMMENTS = YES;
				CLANG_WARN_EMPTY_BODY = YES;
				CLANG_WARN_ENUM_CONVERSION = YES;
				CLANG_WARN_INFINITE_RECURSION = YES;
				CLANG_WARN_INT_CONVERSION = YES;
				CLANG_WARN_NON_LITERAL_NULL_CONVERSION = YES;
				CLANG_WARN_OBJC_IMPLICIT_RETAIN_SELF = YES;
				CLANG_WARN_OBJC_LITERAL_CONVERSION = YES;
				CLANG_WARN_OBJC_ROOT_CLASS = YES_ERROR;
				CLANG_WARN_QUOTED_INCLUDE_IN_FRAMEWORK_HEADER = YES;
				CLANG_WARN_RANGE_LOOP_ANALYSIS = YES;
				CLANG_WARN_STRICT_PROTOTYPES = YES;
				CLANG_WARN_SUSPICIOUS_MOVE = YES;
				CLANG_WARN_UNGUARDED_AVAILABILITY = YES_AGGRESSIVE;
				CLANG_WARN_UNREACHABLE_CODE = YES;
				CLANG_WARN__DUPLICATE_METHOD_MATCH = YES;
				COPY_PHASE_STRIP = NO;
				DEBUG_INFORMATION_FORMAT = "dwarf-with-dsym";
				ENABLE_NS_ASSERTIONS = NO;
				ENABLE_STRICT_OBJC_MSGSEND = YES;
				GCC_C_LANGUAGE_STANDARD = gnu11;
				GCC_NO_COMMON_BLOCKS = YES;
				GCC_WARN_64_TO_32_BIT_CONVERSION = YES;
				GCC_WARN_ABOUT_RETURN_TYPE = YES_ERROR;
				GCC_WARN_UNDECLARED_SELECTOR = YES;
				GCC_WARN_UNINITIALIZED_AUTOS = YES_AGGRESSIVE;
				GCC_WARN_UNUSED_FUNCTION = YES;
				GCC_WARN_UNUSED_VARIABLE = YES;
				IPHONEOS_DEPLOYMENT_TARGET = 15.0;
				MTL_ENABLE_DEBUG_INFO = NO;
				MTL_FAST_MATH = YES;
				SDKROOT = iphoneos;
				SWIFT_COMPILATION_MODE = wholemodule;
				SWIFT_OPTIMIZATION_LEVEL = "-O";
				VALIDATE_PRODUCT = YES;
			};
			name = Release;
		};
		D362C3251E19E84000887A60 /* Debug */ = {
			isa = XCBuildConfiguration;
			buildSettings = {
				ASSETCATALOG_COMPILER_APPICON_NAME = AppIcon;
				ASSETCATALOG_COMPILER_GLOBAL_ACCENT_COLOR_NAME = AccentColor;
				CODE_SIGN_STYLE = Automatic;
				CURRENT_PROJECT_VERSION = 1;
				GENERATE_INFOPLIST_FILE = YES;
				INFOPLIST_FILE = CatagoryViewController/Info.plist;
				INFOPLIST_KEY_UIApplicationSupportsIndirectInputEvents = YES;
				INFOPLIST_KEY_UILaunchStoryboardName = LaunchScreen;
				INFOPLIST_KEY_UIMainStoryboardFile = Main;
				INFOPLIST_KEY_UISupportedInterfaceOrientations_iPad = "UIInterfaceOrientationPortrait UIInterfaceOrientationPortraitUpsideDown UIInterfaceOrientationLandscapeLeft UIInterfaceOrientationLandscapeRight";
				INFOPLIST_KEY_UISupportedInterfaceOrientations_iPhone = "UIInterfaceOrientationPortrait UIInterfaceOrientationLandscapeLeft UIInterfaceOrientationLandscapeRight";
				LD_RUNPATH_SEARCH_PATHS = (
					"$(inherited)",
					"@executable_path/Frameworks",
				);
				MARKETING_VERSION = 1.0;
				PRODUCT_BUNDLE_IDENTIFIER = com.rnw.CatagoryViewController;
				PRODUCT_NAME = "$(TARGET_NAME)";
				SWIFT_EMIT_LOC_STRINGS = YES;
				SWIFT_VERSION = 5.0;
				TARGETED_DEVICE_FAMILY = "1,2";
			};
			name = Debug;
		};
		D362C3261E19E84000887A60 /* Release */ = {
			isa = XCBuildConfiguration;
			buildSettings = {
				ASSETCATALOG_COMPILER_APPICON_NAME = AppIcon;
				ASSETCATALOG_COMPILER_GLOBAL_ACCENT_COLOR_NAME = AccentColor;
				CODE_SIGN_STYLE = Automatic;
				CURRENT_PROJECT_VERSION = 1;
				GENERATE_INFOPLIST_FILE = YES;
				INFOPLIST_FILE = CatagoryViewController/Info.plist;
				INFOPLIST_KEY_UIApplicationSupportsIndirectInputEvents = YES;
				INFOPLIST_KEY_UILaunchStoryboardName = LaunchScreen;
				INFOPLIST_KEY_UIMainStoryboardFile = Main;
				INFOPLIST_KEY_UISupportedInterfaceOrientations_iPad = "UIInterfaceOrientationPortrait UIInterfaceOrientationPortraitUpsideDown UIInterfaceOrientationLandscapeLeft UIInterfaceOrientationLandscapeRight";
				INFOPLIST_KEY_UISupportedInterfaceOrientations_iPhone = "UIInterfaceOrientationPortrait UIInterfaceOrientationLandscapeLeft UIInterfaceOrientationLandscapeRight";
				LD_RUNPATH_SEARCH_PATHS = (
					"$(inherited)",
					"@executable_path/Frameworks",
				);
				MARKETING_VERSION = 1.0;
				PRODUCT_BUNDLE_IDENTIFIER = com.rnw.CatagoryViewController;
				PRODUCT_NAME = "$(TARGET_NAME)";
				SWIFT_EMIT_LOC_STRINGS = YES;
				SWIFT_VERSION = 5.0;
				TARGETED_DEVICE_FAMILY = "1,2";
			};
			name = Release;
		};
/* End XCBuildConfiguration section */

/* Begin XCConfigurationList section */
		D362C30B1E19E83E00887A60 /* Build configuration list for PBXProject "CatagoryViewController" */ = {
			isa = XCConfigurationList;
			buildConfigurations = (
				D362C3221E19E84000887A60 /* Debug */,
				D362C3231E19E84000887A60 /* Release */,
			);
			defaultConfigurationIsVisible = 0;
			defaultConfigurationName = Release;
		};
		D362C3241E19E84000887A60 /* Build configuration list for PBXNativeTarget "CatagoryViewController" */ = {
			isa = XCConfigurationList;
			buildConfigurations = (
				D362C3251E19E84000887A60 /* Debug */,
				D362C3261E19E84000887A60 /* Release */,
			);
			defaultConfigurationIsVisible = 0;
			defaultConfigurationName = Release;
		};
/* End XCConfigurationList section */
	};
	rootObject = D362C3081E19E83E00887A60 /* Project object */;
}
